
Microsoft Visual Studio Solution File, Format Version 12.00
# Visual Studio 15
VisualStudioVersion = 15.0.28010.2026
MinimumVisualStudioVersion = 10.0.40219.1
Project("{9A19103F-16F7-4668-BE54-9A1E7A4F7556}") = "BeriDavay.Website", "BeriDavay.Website\BeriDavay.Website.csproj", "{55C8A299-315E-482B-83BF-73CCE8BEC0F0}"
EndProject
Project("{FAE04EC0-301F-11D3-BF4B-00C04F79EFBC}") = "BeriDavay.DataLayer", "BeriDavay.DataLayer\BeriDavay.DataLayer.csproj", "{3315908B-22B6-4A24-B99D-F8015357ABCC}"
EndProject
Global
	GlobalSection(SolutionConfigurationPlatforms) = preSolution
		Debug|Any CPU = Debug|Any CPU
		Release|Any CPU = Release|Any CPU
	EndGlobalSection
	GlobalSection(ProjectConfigurationPlatforms) = postSolution
		{55C8A299-315E-482B-83BF-73CCE8BEC0F0}.Debug|Any CPU.ActiveCfg = Debug|Any CPU
		{55C8A299-315E-482B-83BF-73CCE8BEC0F0}.Debug|Any CPU.Build.0 = Debug|Any CPU
		{55C8A299-315E-482B-83BF-73CCE8BEC0F0}.Release|Any CPU.ActiveCfg = Release|Any CPU
		{55C8A299-315E-482B-83BF-73CCE8BEC0F0}.Release|Any CPU.Build.0 = Release|Any CPU
		{3315908B-22B6-4A24-B99D-F8015357ABCC}.Debug|Any CPU.ActiveCfg = Debug|Any CPU
		{3315908B-22B6-4A24-B99D-F8015357ABCC}.Debug|Any CPU.Build.0 = Debug|Any CPU
		{3315908B-22B6-4A24-B99D-F8015357ABCC}.Release|Any CPU.ActiveCfg = Release|Any CPU
		{3315908B-22B6-4A24-B99D-F8015357ABCC}.Release|Any CPU.Build.0 = Release|Any CPU
	EndGlobalSection
	GlobalSection(SolutionProperties) = preSolution
		HideSolutionNode = FALSE
	EndGlobalSection
	GlobalSection(ExtensibilityGlobals) = postSolution
		SolutionGuid = {26453F73-2500-4F1C-8883-CD419AAB1A4A}
	EndGlobalSection
EndGlobal
